hash: c6ef4f7d8cf5b9daf8d6c34f23c94f4d9e3df77947d854f682355089049b171e
updated: 2017-12-23T18:32:20.599856+08:00
imports:
- name: github.com/andybalholm/cascadia
  version: 349dd0209470eabd9514242c688c403c0926d266
- name: github.com/PuerkitoBio/goquery
  version: e1271ee34c6a305e38566ecd27ae374944907ee9
- name: golang.org/x/net
  version: d866cfc389cec985d6fda2859936a575a55a3ab6
  subpackages:
  - html
  - html/atom
testImports: []
